
Microsoft Visual Studio Solution File, Format Version 12.00
# Visual Studio Version 16
VisualStudioVersion = 16.0.29306.81
MinimumVisualStudioVersion = 10.0.40219.1
Project("{8BC9CEB8-8B4A-11D0-8D11-00A0C91BC942}") = "task9", "task9\task9.vcxproj", "{B475D9D1-C50F-492F-B3B9-82C46A15BAAB}"
EndProject
Global
	GlobalSection(SolutionConfigurationPlatforms) = preSolution
		Debug|x64 = Debug|x64
		Debug|x86 = Debug|x86
		Release|x64 = Release|x64
		Release|x86 = Release|x86
	EndGlobalSection
	GlobalSection(ProjectConfigurationPlatforms) = postSolution
		{B475D9D1-C50F-492F-B3B9-82C46A15BAAB}.Debug|x64.ActiveCfg = Debug|x64
		{B475D9D1-C50F-492F-B3B9-82C46A15BAAB}.Debug|x64.Build.0 = Debug|x64
		{B475D9D1-C50F-492F-B3B9-82C46A15BAAB}.Debug|x86.ActiveCfg = Debug|Win32
		{B475D9D1-C50F-492F-B3B9-82C46A15BAAB}.Debug|x86.Build.0 = Debug|Win32
		{B475D9D1-C50F-492F-B3B9-82C46A15BAAB}.Release|x64.ActiveCfg = Release|x64
		{B475D9D1-C50F-492F-B3B9-82C46A15BAAB}.Release|x64.Build.0 = Release|x64
		{B475D9D1-C50F-492F-B3B9-82C46A15BAAB}.Release|x86.ActiveCfg = Release|Win32
		{B475D9D1-C50F-492F-B3B9-82C46A15BAAB}.Release|x86.Build.0 = Release|Win32
	EndGlobalSection
	GlobalSection(SolutionProperties) = preSolution
		HideSolutionNode = FALSE
	EndGlobalSection
	GlobalSection(ExtensibilityGlobals) = postSolution
		SolutionGuid = {5764B716-30E8-4F87-BF95-361BD6FC6550}
	EndGlobalSection
EndGlobal
