
Microsoft Visual Studio Solution File, Format Version 12.00
# Visual Studio Version 16
VisualStudioVersion = 16.0.29306.81
MinimumVisualStudioVersion = 10.0.40219.1
Project("{8BC9CEB8-8B4A-11D0-8D11-00A0C91BC942}") = "task10", "task10\task10.vcxproj", "{888B65D5-7A20-4F2F-A938-1677CEDB9F9E}"
EndProject
Global
	GlobalSection(SolutionConfigurationPlatforms) = preSolution
		Debug|x64 = Debug|x64
		Debug|x86 = Debug|x86
		Release|x64 = Release|x64
		Release|x86 = Release|x86
	EndGlobalSection
	GlobalSection(ProjectConfigurationPlatforms) = postSolution
		{888B65D5-7A20-4F2F-A938-1677CEDB9F9E}.Debug|x64.ActiveCfg = Debug|x64
		{888B65D5-7A20-4F2F-A938-1677CEDB9F9E}.Debug|x64.Build.0 = Debug|x64
		{888B65D5-7A20-4F2F-A938-1677CEDB9F9E}.Debug|x86.ActiveCfg = Debug|Win32
		{888B65D5-7A20-4F2F-A938-1677CEDB9F9E}.Debug|x86.Build.0 = Debug|Win32
		{888B65D5-7A20-4F2F-A938-1677CEDB9F9E}.Release|x64.ActiveCfg = Release|x64
		{888B65D5-7A20-4F2F-A938-1677CEDB9F9E}.Release|x64.Build.0 = Release|x64
		{888B65D5-7A20-4F2F-A938-1677CEDB9F9E}.Release|x86.ActiveCfg = Release|Win32
		{888B65D5-7A20-4F2F-A938-1677CEDB9F9E}.Release|x86.Build.0 = Release|Win32
	EndGlobalSection
	GlobalSection(SolutionProperties) = preSolution
		HideSolutionNode = FALSE
	EndGlobalSection
	GlobalSection(ExtensibilityGlobals) = postSolution
		SolutionGuid = {AFFBB5D4-7207-4880-B573-8775D0C5A643}
	EndGlobalSection
EndGlobal
