
Microsoft Visual Studio Solution File, Format Version 12.00
# Visual Studio Version 16
VisualStudioVersion = 16.0.30621.155
MinimumVisualStudioVersion = 10.0.40219.1
Project("{FAE04EC0-301F-11D3-BF4B-00C04F79EFBC}") = "ExamSystem", "ExamSystem\ExamSystem.csproj", "{71050DDD-6D36-468B-A7FA-9E72DC2A9B74}"
EndProject
Project("{FAE04EC0-301F-11D3-BF4B-00C04F79EFBC}") = "ExamSystemLib", "ExamSystemLib\ExamSystemLib.csproj", "{35FFAA03-A784-4B80-AE03-419C35437ED2}"
EndProject
Project("{FAE04EC0-301F-11D3-BF4B-00C04F79EFBC}") = "ExamSystem.Tests", "ExamSystem.Tests\ExamSystem.Tests.csproj", "{286390E1-DD2C-436C-8F49-F43CD591DE94}"
EndProject
Global
	GlobalSection(SolutionConfigurationPlatforms) = preSolution
		Debug|Any CPU = Debug|Any CPU
		Release|Any CPU = Release|Any CPU
	EndGlobalSection
	GlobalSection(ProjectConfigurationPlatforms) = postSolution
		{71050DDD-6D36-468B-A7FA-9E72DC2A9B74}.Debug|Any CPU.ActiveCfg = Debug|Any CPU
		{71050DDD-6D36-468B-A7FA-9E72DC2A9B74}.Debug|Any CPU.Build.0 = Debug|Any CPU
		{71050DDD-6D36-468B-A7FA-9E72DC2A9B74}.Release|Any CPU.ActiveCfg = Release|Any CPU
		{71050DDD-6D36-468B-A7FA-9E72DC2A9B74}.Release|Any CPU.Build.0 = Release|Any CPU
		{35FFAA03-A784-4B80-AE03-419C35437ED2}.Debug|Any CPU.ActiveCfg = Debug|Any CPU
		{35FFAA03-A784-4B80-AE03-419C35437ED2}.Debug|Any CPU.Build.0 = Debug|Any CPU
		{35FFAA03-A784-4B80-AE03-419C35437ED2}.Release|Any CPU.ActiveCfg = Release|Any CPU
		{35FFAA03-A784-4B80-AE03-419C35437ED2}.Release|Any CPU.Build.0 = Release|Any CPU
		{286390E1-DD2C-436C-8F49-F43CD591DE94}.Debug|Any CPU.ActiveCfg = Debug|Any CPU
		{286390E1-DD2C-436C-8F49-F43CD591DE94}.Debug|Any CPU.Build.0 = Debug|Any CPU
		{286390E1-DD2C-436C-8F49-F43CD591DE94}.Release|Any CPU.ActiveCfg = Release|Any CPU
		{286390E1-DD2C-436C-8F49-F43CD591DE94}.Release|Any CPU.Build.0 = Release|Any CPU
	EndGlobalSection
	GlobalSection(SolutionProperties) = preSolution
		HideSolutionNode = FALSE
	EndGlobalSection
	GlobalSection(ExtensibilityGlobals) = postSolution
		SolutionGuid = {B3C55AB7-415A-4E73-85FC-88F70B120D70}
	EndGlobalSection
EndGlobal
