
Microsoft Visual Studio Solution File, Format Version 12.00
# Visual Studio Version 16
VisualStudioVersion = 16.0.30002.166
MinimumVisualStudioVersion = 10.0.40219.1
Project("{FAE04EC0-301F-11D3-BF4B-00C04F79EFBC}") = "Bash", "Bash\Bash.csproj", "{02460F1B-C08A-435C-966E-C6006CE49218}"
EndProject
Project("{FAE04EC0-301F-11D3-BF4B-00C04F79EFBC}") = "Commands", "Commands\Commands.csproj", "{BE430201-2516-4CB4-A206-35262B2870E1}"
EndProject
Project("{FAE04EC0-301F-11D3-BF4B-00C04F79EFBC}") = "BashUnitTest", "BashUnitTest\BashUnitTest.csproj", "{4081A12C-0F86-47F5-94B3-A4BDB7BFA75F}"
EndProject
Global
	GlobalSection(SolutionConfigurationPlatforms) = preSolution
		Debug|Any CPU = Debug|Any CPU
		Release|Any CPU = Release|Any CPU
	EndGlobalSection
	GlobalSection(ProjectConfigurationPlatforms) = postSolution
		{02460F1B-C08A-435C-966E-C6006CE49218}.Debug|Any CPU.ActiveCfg = Debug|Any CPU
		{02460F1B-C08A-435C-966E-C6006CE49218}.Debug|Any CPU.Build.0 = Debug|Any CPU
		{02460F1B-C08A-435C-966E-C6006CE49218}.Release|Any CPU.ActiveCfg = Release|Any CPU
		{02460F1B-C08A-435C-966E-C6006CE49218}.Release|Any CPU.Build.0 = Release|Any CPU
		{BE430201-2516-4CB4-A206-35262B2870E1}.Debug|Any CPU.ActiveCfg = Debug|Any CPU
		{BE430201-2516-4CB4-A206-35262B2870E1}.Debug|Any CPU.Build.0 = Debug|Any CPU
		{BE430201-2516-4CB4-A206-35262B2870E1}.Release|Any CPU.ActiveCfg = Release|Any CPU
		{BE430201-2516-4CB4-A206-35262B2870E1}.Release|Any CPU.Build.0 = Release|Any CPU
		{4081A12C-0F86-47F5-94B3-A4BDB7BFA75F}.Debug|Any CPU.ActiveCfg = Debug|Any CPU
		{4081A12C-0F86-47F5-94B3-A4BDB7BFA75F}.Debug|Any CPU.Build.0 = Debug|Any CPU
		{4081A12C-0F86-47F5-94B3-A4BDB7BFA75F}.Release|Any CPU.ActiveCfg = Release|Any CPU
		{4081A12C-0F86-47F5-94B3-A4BDB7BFA75F}.Release|Any CPU.Build.0 = Release|Any CPU
	EndGlobalSection
	GlobalSection(SolutionProperties) = preSolution
		HideSolutionNode = FALSE
	EndGlobalSection
	GlobalSection(ExtensibilityGlobals) = postSolution
		SolutionGuid = {D3699BD0-2336-4C9E-AED9-17EB2BDFCF8C}
	EndGlobalSection
EndGlobal
