
Microsoft Visual Studio Solution File, Format Version 12.00
# Visual Studio Version 16
VisualStudioVersion = 16.0.29306.81
MinimumVisualStudioVersion = 10.0.40219.1
Project("{8BC9CEB8-8B4A-11D0-8D11-00A0C91BC942}") = "task1", "task1\task1.vcxproj", "{36750CFD-B7D1-482F-9D2E-846E8D269C66}"
EndProject
Global
	GlobalSection(SolutionConfigurationPlatforms) = preSolution
		Debug|x64 = Debug|x64
		Debug|x86 = Debug|x86
		Release|x64 = Release|x64
		Release|x86 = Release|x86
	EndGlobalSection
	GlobalSection(ProjectConfigurationPlatforms) = postSolution
		{36750CFD-B7D1-482F-9D2E-846E8D269C66}.Debug|x64.ActiveCfg = Debug|x64
		{36750CFD-B7D1-482F-9D2E-846E8D269C66}.Debug|x64.Build.0 = Debug|x64
		{36750CFD-B7D1-482F-9D2E-846E8D269C66}.Debug|x86.ActiveCfg = Debug|Win32
		{36750CFD-B7D1-482F-9D2E-846E8D269C66}.Debug|x86.Build.0 = Debug|Win32
		{36750CFD-B7D1-482F-9D2E-846E8D269C66}.Release|x64.ActiveCfg = Release|x64
		{36750CFD-B7D1-482F-9D2E-846E8D269C66}.Release|x64.Build.0 = Release|x64
		{36750CFD-B7D1-482F-9D2E-846E8D269C66}.Release|x86.ActiveCfg = Release|Win32
		{36750CFD-B7D1-482F-9D2E-846E8D269C66}.Release|x86.Build.0 = Release|Win32
	EndGlobalSection
	GlobalSection(SolutionProperties) = preSolution
		HideSolutionNode = FALSE
	EndGlobalSection
	GlobalSection(ExtensibilityGlobals) = postSolution
		SolutionGuid = {E39E9254-4A51-4D8B-9EE0-293ADF5822FE}
	EndGlobalSection
EndGlobal
